
Microsoft Visual Studio Solution File, Format Version 12.00
# Visual Studio 15
VisualStudioVersion = 15.0.28307.852
MinimumVisualStudioVersion = 10.0.40219.1
Project("{FAE04EC0-301F-11D3-BF4B-00C04F79EFBC}") = "Inventorium", "Inventorium\Inventorium.csproj", "{9CD7D501-168B-4900-87AF-AF769798CC29}"
	ProjectSection(ProjectDependencies) = postProject
		{1FB9FBA9-1127-49F7-9160-AA711B7A588F} = {1FB9FBA9-1127-49F7-9160-AA711B7A588F}
	EndProjectSection
EndProject
Project("{FAE04EC0-301F-11D3-BF4B-00C04F79EFBC}") = "InventoriumLib", "InventoriumLib\InventoriumLib.csproj", "{1FB9FBA9-1127-49F7-9160-AA711B7A588F}"
EndProject
Global
	GlobalSection(SolutionConfigurationPlatforms) = preSolution
		Debug|Any CPU = Debug|Any CPU
		Release|Any CPU = Release|Any CPU
	EndGlobalSection
	GlobalSection(ProjectConfigurationPlatforms) = postSolution
		{9CD7D501-168B-4900-87AF-AF769798CC29}.Debug|Any CPU.ActiveCfg = Debug|Any CPU
		{9CD7D501-168B-4900-87AF-AF769798CC29}.Debug|Any CPU.Build.0 = Debug|Any CPU
		{9CD7D501-168B-4900-87AF-AF769798CC29}.Release|Any CPU.ActiveCfg = Release|Any CPU
		{9CD7D501-168B-4900-87AF-AF769798CC29}.Release|Any CPU.Build.0 = Release|Any CPU
		{1FB9FBA9-1127-49F7-9160-AA711B7A588F}.Debug|Any CPU.ActiveCfg = Debug|Any CPU
		{1FB9FBA9-1127-49F7-9160-AA711B7A588F}.Debug|Any CPU.Build.0 = Debug|Any CPU
		{1FB9FBA9-1127-49F7-9160-AA711B7A588F}.Release|Any CPU.ActiveCfg = Release|Any CPU
		{1FB9FBA9-1127-49F7-9160-AA711B7A588F}.Release|Any CPU.Build.0 = Release|Any CPU
	EndGlobalSection
	GlobalSection(SolutionProperties) = preSolution
		HideSolutionNode = FALSE
	EndGlobalSection
	GlobalSection(ExtensibilityGlobals) = postSolution
		SolutionGuid = {8393135A-DF09-4EB4-BFB2-6F22C74AE17B}
	EndGlobalSection
EndGlobal
