
Microsoft Visual Studio Solution File, Format Version 12.00
# Visual Studio Version 16
VisualStudioVersion = 16.0.30114.105
MinimumVisualStudioVersion = 10.0.40219.1
Project("{9A19103F-16F7-4668-BE54-9A1E7A4F7556}") = "Nventorium", "Inventorium\Nventorium.csproj", "{9CD7D501-168B-4900-87AF-AF769798CC29}"
	ProjectSection(ProjectDependencies) = postProject
		{1FB9FBA9-1127-49F7-9160-AA711B7A588F} = {1FB9FBA9-1127-49F7-9160-AA711B7A588F}
	EndProjectSection
EndProject
Project("{9A19103F-16F7-4668-BE54-9A1E7A4F7556}") = "NventoriumLib", "InventoriumLib\NventoriumLib.csproj", "{1FB9FBA9-1127-49F7-9160-AA711B7A588F}"
EndProject
Project("{E53339B2-1760-4266-BCC7-CA923CBCF16C}") = "docker-compose", "docker-compose.dcproj", "{BB08BE00-2B0E-42AE-B2AD-94E657A80C36}"
EndProject
Global
	GlobalSection(SolutionConfigurationPlatforms) = preSolution
		Debug|Any CPU = Debug|Any CPU
		Release|Any CPU = Release|Any CPU
	EndGlobalSection
	GlobalSection(ProjectConfigurationPlatforms) = postSolution
		{9CD7D501-168B-4900-87AF-AF769798CC29}.Debug|Any CPU.ActiveCfg = Debug|Any CPU
		{9CD7D501-168B-4900-87AF-AF769798CC29}.Debug|Any CPU.Build.0 = Debug|Any CPU
		{9CD7D501-168B-4900-87AF-AF769798CC29}.Release|Any CPU.ActiveCfg = Release|Any CPU
		{9CD7D501-168B-4900-87AF-AF769798CC29}.Release|Any CPU.Build.0 = Release|Any CPU
		{1FB9FBA9-1127-49F7-9160-AA711B7A588F}.Debug|Any CPU.ActiveCfg = Debug|Any CPU
		{1FB9FBA9-1127-49F7-9160-AA711B7A588F}.Debug|Any CPU.Build.0 = Debug|Any CPU
		{1FB9FBA9-1127-49F7-9160-AA711B7A588F}.Release|Any CPU.ActiveCfg = Release|Any CPU
		{1FB9FBA9-1127-49F7-9160-AA711B7A588F}.Release|Any CPU.Build.0 = Release|Any CPU
		{BB08BE00-2B0E-42AE-B2AD-94E657A80C36}.Debug|Any CPU.ActiveCfg = Debug|Any CPU
		{BB08BE00-2B0E-42AE-B2AD-94E657A80C36}.Debug|Any CPU.Build.0 = Debug|Any CPU
		{BB08BE00-2B0E-42AE-B2AD-94E657A80C36}.Release|Any CPU.ActiveCfg = Release|Any CPU
		{BB08BE00-2B0E-42AE-B2AD-94E657A80C36}.Release|Any CPU.Build.0 = Release|Any CPU
	EndGlobalSection
	GlobalSection(SolutionProperties) = preSolution
		HideSolutionNode = FALSE
	EndGlobalSection
	GlobalSection(ExtensibilityGlobals) = postSolution
		SolutionGuid = {8393135A-DF09-4EB4-BFB2-6F22C74AE17B}
	EndGlobalSection
EndGlobal
